
Microsoft Visual Studio Solution File, Format Version 12.00
# Visual Studio 2012
Project("{FAE04EC0-301F-11D3-BF4B-00C04F79EFBC}") = "COM.TIGER.SYNC.TaskHandler", "COM.TIGER.SYNC.TaskHandler\COM.TIGER.SYNC.TaskHandler.csproj", "{6D8AC51E-FC76-42DB-98EC-389DBBBD2815}"
EndProject
Project("{FAE04EC0-301F-11D3-BF4B-00C04F79EFBC}") = "COM.TIGER.SYNC.SubTask", "COM.TIGER.SYNC.SubTask\COM.TIGER.SYNC.SubTask.csproj", "{A258B642-653D-4097-839B-268D517403BB}"
EndProject
Project("{FAE04EC0-301F-11D3-BF4B-00C04F79EFBC}") = "COM.TIGER.SYNC.DAO", "COM.TIGER.SYNC.DAO\COM.TIGER.SYNC.DAO.csproj", "{C223B389-88AA-45A7-86E7-D7BE6C80AA7F}"
EndProject
Project("{FAE04EC0-301F-11D3-BF4B-00C04F79EFBC}") = "COM.TIGER.SYNC.DAO.SqlServer", "COM.TIGER.SYNC.DAO.SqlServer\COM.TIGER.SYNC.DAO.SqlServer.csproj", "{0897D9CA-7D82-489A-9587-0576C2255461}"
EndProject
Project("{FAE04EC0-301F-11D3-BF4B-00C04F79EFBC}") = "COM.TIGER.SYNC.DAO.Oracle", "COM.TIGER.SYNC.DAO.Oracle\COM.TIGER.SYNC.DAO.Oracle.csproj", "{FB13DAE5-2E07-480E-A6CD-BDAC4DE2DEDB}"
EndProject
Project("{FAE04EC0-301F-11D3-BF4B-00C04F79EFBC}") = "COM.TIGER.SYNC.Test", "COM.TIGER.SYNC.Test\COM.TIGER.SYNC.Test.csproj", "{A697C065-7648-48B8-A467-BFA381ACFC07}"
EndProject
Project("{FAE04EC0-301F-11D3-BF4B-00C04F79EFBC}") = "COM.TIGER.SYNC.YJBJ", "COM.TIGER.SYNC.YJBJ\COM.TIGER.SYNC.YJBJ.csproj", "{B9DEF6F0-FB03-41BE-90B7-8462AF772E58}"
EndProject
Project("{FAE04EC0-301F-11D3-BF4B-00C04F79EFBC}") = "COM.TIGER.SYNC.TaskJob", "COM.TIGER.SYNC.TaskJob\COM.TIGER.SYNC.TaskJob.csproj", "{F5748D4D-0CEF-423F-B6F8-FED2B7875E5E}"
EndProject
Project("{FAE04EC0-301F-11D3-BF4B-00C04F79EFBC}") = "COM.TIGER.SYNC.AJJBXX", "COM.TIGER.SYNC.AJJBXX\COM.TIGER.SYNC.AJJBXX.csproj", "{A2CC1DA4-3CC1-482E-A1FD-CC358A4D66DD}"
EndProject
Project("{FAE04EC0-301F-11D3-BF4B-00C04F79EFBC}") = "COM.TIGER.SYNC.ZZRK", "COM.TIGER.SYNC.ZZRK\COM.TIGER.SYNC.ZZRK.csproj", "{19D573B8-7AC8-4747-9E19-459EF0329B81}"
EndProject
Project("{FAE04EC0-301F-11D3-BF4B-00C04F79EFBC}") = "COM.TIGER.SYNC.WGRSQ", "COM.TIGER.SYNC.WGRSQ\COM.TIGER.SYNC.WGRSQ.csproj", "{F207857E-CB63-4DB6-B698-B70C72409FC7}"
EndProject
Project("{FAE04EC0-301F-11D3-BF4B-00C04F79EFBC}") = "COM.TIGER.SYNC.DWJBXX", "COM.TIGER.SYNC.DWJBXX\COM.TIGER.SYNC.DWJBXX.csproj", "{4668D642-0BD9-4C7D-A68C-A6D6E8FC62F6}"
EndProject
Project("{FAE04EC0-301F-11D3-BF4B-00C04F79EFBC}") = "COM.TIGER.SYNC.DWCYRY", "COM.TIGER.SYNC.DWCYRY\COM.TIGER.SYNC.DWCYRY.csproj", "{6936A739-DED5-4BA8-B8C0-06EBE99A6C94}"
EndProject
Project("{FAE04EC0-301F-11D3-BF4B-00C04F79EFBC}") = "COM.TIGER.SYNC.JCJ_JJDB", "COM.TIGER.SYNC.JCJ_JJDB\COM.TIGER.SYNC.JCJ_JJDB.csproj", "{E5F9DC69-0110-46B1-8BB9-D4AD8CA4D9DE}"
EndProject
Project("{FAE04EC0-301F-11D3-BF4B-00C04F79EFBC}") = "COM.TIGER.SYNC.HOTEL", "COM.TIGER.SYNC.HOTEL\COM.TIGER.SYNC.HOTEL.csproj", "{7B15FDAA-7822-4829-AD10-75E9124E5528}"
EndProject
Project("{FAE04EC0-301F-11D3-BF4B-00C04F79EFBC}") = "COM.TIGER.SYNC.HOTELSTAY", "COM.TIGER.SYNC.HOTELSTAY\COM.TIGER.SYNC.HOTELSTAY.csproj", "{8D953F4A-4E99-4721-BAA1-84BE545C57A5}"
EndProject
Project("{FAE04EC0-301F-11D3-BF4B-00C04F79EFBC}") = "COM.TIGER.SYNC.HJRK", "COM.TIGER.SYNC.HJRK\COM.TIGER.SYNC.HJRK.csproj", "{7300C6BE-B3C7-4AB9-8B77-6FC304BC0FC0}"
EndProject
Project("{FAE04EC0-301F-11D3-BF4B-00C04F79EFBC}") = "COM.TIGER.SYNC.Service", "COM.TIGER.SYNC.Service\COM.TIGER.SYNC.Service.csproj", "{D3212BD7-A4E7-4CD9-882F-09CE89C1686D}"
EndProject
Global
	GlobalSection(TeamFoundationVersionControl) = preSolution
		SccNumberOfProjects = 19
		SccEnterpriseProvider = {4CA58AB2-18FA-4F8D-95D4-32DDF27D184C}
		SccTeamFoundationServer = http://115.239.252.70:8080/tfs/defaultcollection
		SccLocalPath0 = .
		SccProjectUniqueName1 = COM.TIGER.SYNC.AJJBXX\\COM.TIGER.SYNC.AJJBXX.csproj
		SccProjectName1 = COM.TIGER.SYNC.AJJBXX
		SccLocalPath1 = COM.TIGER.SYNC.AJJBXX
		SccProjectUniqueName2 = COM.TIGER.SYNC.DAO.Oracle\\COM.TIGER.SYNC.DAO.Oracle.csproj
		SccProjectName2 = COM.TIGER.SYNC.DAO.Oracle
		SccLocalPath2 = COM.TIGER.SYNC.DAO.Oracle
		SccProjectUniqueName3 = COM.TIGER.SYNC.DAO.SqlServer\\COM.TIGER.SYNC.DAO.SqlServer.csproj
		SccProjectName3 = COM.TIGER.SYNC.DAO.SqlServer
		SccLocalPath3 = COM.TIGER.SYNC.DAO.SqlServer
		SccProjectUniqueName4 = COM.TIGER.SYNC.DAO\\COM.TIGER.SYNC.DAO.csproj
		SccProjectName4 = COM.TIGER.SYNC.DAO
		SccLocalPath4 = COM.TIGER.SYNC.DAO
		SccProjectUniqueName5 = COM.TIGER.SYNC.DWCYRY\\COM.TIGER.SYNC.DWCYRY.csproj
		SccProjectName5 = COM.TIGER.SYNC.DWCYRY
		SccLocalPath5 = COM.TIGER.SYNC.DWCYRY
		SccProjectUniqueName6 = COM.TIGER.SYNC.DWJBXX\\COM.TIGER.SYNC.DWJBXX.csproj
		SccProjectName6 = COM.TIGER.SYNC.DWJBXX
		SccLocalPath6 = COM.TIGER.SYNC.DWJBXX
		SccProjectUniqueName7 = COM.TIGER.SYNC.HJRK\\COM.TIGER.SYNC.HJRK.csproj
		SccProjectName7 = COM.TIGER.SYNC.HJRK
		SccLocalPath7 = COM.TIGER.SYNC.HJRK
		SccProjectUniqueName8 = COM.TIGER.SYNC.HOTEL\\COM.TIGER.SYNC.HOTEL.csproj
		SccProjectName8 = COM.TIGER.SYNC.HOTEL
		SccLocalPath8 = COM.TIGER.SYNC.HOTEL
		SccProjectUniqueName9 = COM.TIGER.SYNC.HOTELSTAY\\COM.TIGER.SYNC.HOTELSTAY.csproj
		SccProjectName9 = COM.TIGER.SYNC.HOTELSTAY
		SccLocalPath9 = COM.TIGER.SYNC.HOTELSTAY
		SccProjectUniqueName10 = COM.TIGER.SYNC.JCJ_JJDB\\COM.TIGER.SYNC.JCJ_JJDB.csproj
		SccProjectName10 = COM.TIGER.SYNC.JCJ_JJDB
		SccLocalPath10 = COM.TIGER.SYNC.JCJ_JJDB
		SccProjectUniqueName11 = COM.TIGER.SYNC.SubTask\\COM.TIGER.SYNC.SubTask.csproj
		SccProjectName11 = COM.TIGER.SYNC.SubTask
		SccLocalPath11 = COM.TIGER.SYNC.SubTask
		SccProjectUniqueName12 = COM.TIGER.SYNC.TaskHandler\\COM.TIGER.SYNC.TaskHandler.csproj
		SccProjectName12 = COM.TIGER.SYNC.TaskHandler
		SccLocalPath12 = COM.TIGER.SYNC.TaskHandler
		SccProjectUniqueName13 = COM.TIGER.SYNC.TaskJob\\COM.TIGER.SYNC.TaskJob.csproj
		SccProjectName13 = COM.TIGER.SYNC.TaskJob
		SccLocalPath13 = COM.TIGER.SYNC.TaskJob
		SccProjectUniqueName14 = COM.TIGER.SYNC.Test\\COM.TIGER.SYNC.Test.csproj
		SccProjectName14 = COM.TIGER.SYNC.Test
		SccLocalPath14 = COM.TIGER.SYNC.Test
		SccProjectUniqueName15 = COM.TIGER.SYNC.WGRSQ\\COM.TIGER.SYNC.WGRSQ.csproj
		SccProjectName15 = COM.TIGER.SYNC.WGRSQ
		SccLocalPath15 = COM.TIGER.SYNC.WGRSQ
		SccProjectUniqueName16 = COM.TIGER.SYNC.YJBJ\\COM.TIGER.SYNC.YJBJ.csproj
		SccProjectName16 = COM.TIGER.SYNC.YJBJ
		SccLocalPath16 = COM.TIGER.SYNC.YJBJ
		SccProjectUniqueName17 = COM.TIGER.SYNC.ZZRK\\COM.TIGER.SYNC.ZZRK.csproj
		SccProjectName17 = COM.TIGER.SYNC.ZZRK
		SccLocalPath17 = COM.TIGER.SYNC.ZZRK
		SccProjectUniqueName18 = COM.TIGER.SYNC.Service\\COM.TIGER.SYNC.Service.csproj
		SccProjectName18 = COM.TIGER.SYNC.Service
		SccLocalPath18 = COM.TIGER.SYNC.Service
	EndGlobalSection
	GlobalSection(SolutionConfigurationPlatforms) = preSolution
		Debug|Any CPU = Debug|Any CPU
		Release|Any CPU = Release|Any CPU
	EndGlobalSection
	GlobalSection(ProjectConfigurationPlatforms) = postSolution
		{6D8AC51E-FC76-42DB-98EC-389DBBBD2815}.Debug|Any CPU.ActiveCfg = Debug|Any CPU
		{6D8AC51E-FC76-42DB-98EC-389DBBBD2815}.Debug|Any CPU.Build.0 = Debug|Any CPU
		{6D8AC51E-FC76-42DB-98EC-389DBBBD2815}.Release|Any CPU.ActiveCfg = Release|Any CPU
		{6D8AC51E-FC76-42DB-98EC-389DBBBD2815}.Release|Any CPU.Build.0 = Release|Any CPU
		{A258B642-653D-4097-839B-268D517403BB}.Debug|Any CPU.ActiveCfg = Debug|Any CPU
		{A258B642-653D-4097-839B-268D517403BB}.Debug|Any CPU.Build.0 = Debug|Any CPU
		{A258B642-653D-4097-839B-268D517403BB}.Release|Any CPU.ActiveCfg = Release|Any CPU
		{A258B642-653D-4097-839B-268D517403BB}.Release|Any CPU.Build.0 = Release|Any CPU
		{C223B389-88AA-45A7-86E7-D7BE6C80AA7F}.Debug|Any CPU.ActiveCfg = Debug|Any CPU
		{C223B389-88AA-45A7-86E7-D7BE6C80AA7F}.Debug|Any CPU.Build.0 = Debug|Any CPU
		{C223B389-88AA-45A7-86E7-D7BE6C80AA7F}.Release|Any CPU.ActiveCfg = Release|Any CPU
		{C223B389-88AA-45A7-86E7-D7BE6C80AA7F}.Release|Any CPU.Build.0 = Release|Any CPU
		{0897D9CA-7D82-489A-9587-0576C2255461}.Debug|Any CPU.ActiveCfg = Debug|Any CPU
		{0897D9CA-7D82-489A-9587-0576C2255461}.Debug|Any CPU.Build.0 = Debug|Any CPU
		{0897D9CA-7D82-489A-9587-0576C2255461}.Release|Any CPU.ActiveCfg = Release|Any CPU
		{0897D9CA-7D82-489A-9587-0576C2255461}.Release|Any CPU.Build.0 = Release|Any CPU
		{FB13DAE5-2E07-480E-A6CD-BDAC4DE2DEDB}.Debug|Any CPU.ActiveCfg = Debug|Any CPU
		{FB13DAE5-2E07-480E-A6CD-BDAC4DE2DEDB}.Debug|Any CPU.Build.0 = Debug|Any CPU
		{FB13DAE5-2E07-480E-A6CD-BDAC4DE2DEDB}.Release|Any CPU.ActiveCfg = Release|Any CPU
		{FB13DAE5-2E07-480E-A6CD-BDAC4DE2DEDB}.Release|Any CPU.Build.0 = Release|Any CPU
		{A697C065-7648-48B8-A467-BFA381ACFC07}.Debug|Any CPU.ActiveCfg = Debug|Any CPU
		{A697C065-7648-48B8-A467-BFA381ACFC07}.Debug|Any CPU.Build.0 = Debug|Any CPU
		{A697C065-7648-48B8-A467-BFA381ACFC07}.Release|Any CPU.ActiveCfg = Release|Any CPU
		{A697C065-7648-48B8-A467-BFA381ACFC07}.Release|Any CPU.Build.0 = Release|Any CPU
		{B9DEF6F0-FB03-41BE-90B7-8462AF772E58}.Debug|Any CPU.ActiveCfg = Debug|Any CPU
		{B9DEF6F0-FB03-41BE-90B7-8462AF772E58}.Debug|Any CPU.Build.0 = Debug|Any CPU
		{B9DEF6F0-FB03-41BE-90B7-8462AF772E58}.Release|Any CPU.ActiveCfg = Release|Any CPU
		{B9DEF6F0-FB03-41BE-90B7-8462AF772E58}.Release|Any CPU.Build.0 = Release|Any CPU
		{F5748D4D-0CEF-423F-B6F8-FED2B7875E5E}.Debug|Any CPU.ActiveCfg = Debug|Any CPU
		{F5748D4D-0CEF-423F-B6F8-FED2B7875E5E}.Debug|Any CPU.Build.0 = Debug|Any CPU
		{F5748D4D-0CEF-423F-B6F8-FED2B7875E5E}.Release|Any CPU.ActiveCfg = Release|Any CPU
		{F5748D4D-0CEF-423F-B6F8-FED2B7875E5E}.Release|Any CPU.Build.0 = Release|Any CPU
		{A2CC1DA4-3CC1-482E-A1FD-CC358A4D66DD}.Debug|Any CPU.ActiveCfg = Debug|Any CPU
		{A2CC1DA4-3CC1-482E-A1FD-CC358A4D66DD}.Debug|Any CPU.Build.0 = Debug|Any CPU
		{A2CC1DA4-3CC1-482E-A1FD-CC358A4D66DD}.Release|Any CPU.ActiveCfg = Release|Any CPU
		{A2CC1DA4-3CC1-482E-A1FD-CC358A4D66DD}.Release|Any CPU.Build.0 = Release|Any CPU
		{19D573B8-7AC8-4747-9E19-459EF0329B81}.Debug|Any CPU.ActiveCfg = Debug|Any CPU
		{19D573B8-7AC8-4747-9E19-459EF0329B81}.Debug|Any CPU.Build.0 = Debug|Any CPU
		{19D573B8-7AC8-4747-9E19-459EF0329B81}.Release|Any CPU.ActiveCfg = Release|Any CPU
		{19D573B8-7AC8-4747-9E19-459EF0329B81}.Release|Any CPU.Build.0 = Release|Any CPU
		{F207857E-CB63-4DB6-B698-B70C72409FC7}.Debug|Any CPU.ActiveCfg = Debug|Any CPU
		{F207857E-CB63-4DB6-B698-B70C72409FC7}.Debug|Any CPU.Build.0 = Debug|Any CPU
		{F207857E-CB63-4DB6-B698-B70C72409FC7}.Release|Any CPU.ActiveCfg = Release|Any CPU
		{F207857E-CB63-4DB6-B698-B70C72409FC7}.Release|Any CPU.Build.0 = Release|Any CPU
		{4668D642-0BD9-4C7D-A68C-A6D6E8FC62F6}.Debug|Any CPU.ActiveCfg = Debug|Any CPU
		{4668D642-0BD9-4C7D-A68C-A6D6E8FC62F6}.Debug|Any CPU.Build.0 = Debug|Any CPU
		{4668D642-0BD9-4C7D-A68C-A6D6E8FC62F6}.Release|Any CPU.ActiveCfg = Release|Any CPU
		{4668D642-0BD9-4C7D-A68C-A6D6E8FC62F6}.Release|Any CPU.Build.0 = Release|Any CPU
		{6936A739-DED5-4BA8-B8C0-06EBE99A6C94}.Debug|Any CPU.ActiveCfg = Debug|Any CPU
		{6936A739-DED5-4BA8-B8C0-06EBE99A6C94}.Debug|Any CPU.Build.0 = Debug|Any CPU
		{6936A739-DED5-4BA8-B8C0-06EBE99A6C94}.Release|Any CPU.ActiveCfg = Release|Any CPU
		{6936A739-DED5-4BA8-B8C0-06EBE99A6C94}.Release|Any CPU.Build.0 = Release|Any CPU
		{E5F9DC69-0110-46B1-8BB9-D4AD8CA4D9DE}.Debug|Any CPU.ActiveCfg = Debug|Any CPU
		{E5F9DC69-0110-46B1-8BB9-D4AD8CA4D9DE}.Debug|Any CPU.Build.0 = Debug|Any CPU
		{E5F9DC69-0110-46B1-8BB9-D4AD8CA4D9DE}.Release|Any CPU.ActiveCfg = Release|Any CPU
		{E5F9DC69-0110-46B1-8BB9-D4AD8CA4D9DE}.Release|Any CPU.Build.0 = Release|Any CPU
		{7B15FDAA-7822-4829-AD10-75E9124E5528}.Debug|Any CPU.ActiveCfg = Debug|Any CPU
		{7B15FDAA-7822-4829-AD10-75E9124E5528}.Debug|Any CPU.Build.0 = Debug|Any CPU
		{7B15FDAA-7822-4829-AD10-75E9124E5528}.Release|Any CPU.ActiveCfg = Release|Any CPU
		{7B15FDAA-7822-4829-AD10-75E9124E5528}.Release|Any CPU.Build.0 = Release|Any CPU
		{8D953F4A-4E99-4721-BAA1-84BE545C57A5}.Debug|Any CPU.ActiveCfg = Debug|Any CPU
		{8D953F4A-4E99-4721-BAA1-84BE545C57A5}.Debug|Any CPU.Build.0 = Debug|Any CPU
		{8D953F4A-4E99-4721-BAA1-84BE545C57A5}.Release|Any CPU.ActiveCfg = Release|Any CPU
		{8D953F4A-4E99-4721-BAA1-84BE545C57A5}.Release|Any CPU.Build.0 = Release|Any CPU
		{7300C6BE-B3C7-4AB9-8B77-6FC304BC0FC0}.Debug|Any CPU.ActiveCfg = Debug|Any CPU
		{7300C6BE-B3C7-4AB9-8B77-6FC304BC0FC0}.Debug|Any CPU.Build.0 = Debug|Any CPU
		{7300C6BE-B3C7-4AB9-8B77-6FC304BC0FC0}.Release|Any CPU.ActiveCfg = Release|Any CPU
		{7300C6BE-B3C7-4AB9-8B77-6FC304BC0FC0}.Release|Any CPU.Build.0 = Release|Any CPU
		{D3212BD7-A4E7-4CD9-882F-09CE89C1686D}.Debug|Any CPU.ActiveCfg = Debug|Any CPU
		{D3212BD7-A4E7-4CD9-882F-09CE89C1686D}.Debug|Any CPU.Build.0 = Debug|Any CPU
		{D3212BD7-A4E7-4CD9-882F-09CE89C1686D}.Release|Any CPU.ActiveCfg = Release|Any CPU
		{D3212BD7-A4E7-4CD9-882F-09CE89C1686D}.Release|Any CPU.Build.0 = Release|Any CPU
	EndGlobalSection
	GlobalSection(SolutionProperties) = preSolution
		HideSolutionNode = FALSE
	EndGlobalSection
EndGlobal
